# This file is automatically @generated by Cargo.
# It is not intended for manual editing.
version = 3

[[package]]
name = "silica-catalog"
version = "0.1.0"

[[package]]
name = "silica-core"
version = "0.1.0"

[[package]]
name = "silica-decode"
version = "0.1.0"

[[package]]
name = "silica-desktop"
version = "0.1.0"

[[package]]
name = "silica-edit"
version = "0.1.0"

[[package]]
name = "silica-export"
version = "0.1.0"

[[package]]
name = "silica-mcp"
version = "0.1.0"

[[package]]
name = "silica-mlx"
version = "0.1.0"

[[package]]
name = "silica-plugin"
version = "0.1.0"

[[package]]
name = "silica-render"
version = "0.1.0"

[[package]]
name = "silica-storage"
version = "0.1.0"
